
Microsoft Visual Studio Solution File, Format Version 12.00
# Visual Studio Version 17
VisualStudioVersion = 17.10.34928.147
MinimumVisualStudioVersion = 10.0.40219.1
Project("{FAE04EC0-301F-11D3-BF4B-00C04F79EFBC}") = "xprox_charCounter", "xprox_charCounter\xprox_charCounter.csproj", "{696FA9F3-A24D-4530-A1A6-9CC0E1315DD7}"
EndProject
Global
	GlobalSection(SolutionConfigurationPlatforms) = preSolution
		Debug|Any CPU = Debug|Any CPU
		Release|Any CPU = Release|Any CPU
	EndGlobalSection
	GlobalSection(ProjectConfigurationPlatforms) = postSolution
		{696FA9F3-A24D-4530-A1A6-9CC0E1315DD7}.Debug|Any CPU.ActiveCfg = Debug|Any CPU
		{696FA9F3-A24D-4530-A1A6-9CC0E1315DD7}.Debug|Any CPU.Build.0 = Debug|Any CPU
		{696FA9F3-A24D-4530-A1A6-9CC0E1315DD7}.Release|Any CPU.ActiveCfg = Release|Any CPU
		{696FA9F3-A24D-4530-A1A6-9CC0E1315DD7}.Release|Any CPU.Build.0 = Release|Any CPU
	EndGlobalSection
	GlobalSection(SolutionProperties) = preSolution
		HideSolutionNode = FALSE
	EndGlobalSection
	GlobalSection(ExtensibilityGlobals) = postSolution
		SolutionGuid = {A831F696-5DA0-49C9-85A1-A9B2BB328BBE}
	EndGlobalSection
EndGlobal
